{
    "_meta": {
        "hash": {
            "sha256": "98d8562392c9c512afc80ffa7c5dfe1eda53e0d7ee9b8a10793fb621c9a6f97d"
        },
        "pipfile-spec": 6,
        "requires": {
            "python_version": "3.13"
        },
        "sources": [
            {
                "name": "pypi",
                "url": "https://pypi.org/simple",
                "verify_ssl": true
            }
        ]
    },
    "default": {
        "prometheus-client": {
            "hashes": [
                "sha256:04a91bcf94e2cf74a44a1a874d651a2e853ed354b6e822f3b7487751465d5c2b",
                "sha256:fa93d06737aa02bacd05794768508bb97d2fbee28cb3bca04eaae92f0ca953d6"
            ],
            "index": "pypi",
            "markers": "python_version >= '3.9'",
            "version": "==0.26.0"
        },
        "redis": {
            "hashes": [
                "sha256:4977af3c7d67f8f0eb8b6fec0dafc9605db9343142f634041fb0235f67c0588a",
                "sha256:c949df947dca995dc68fdf5a7863950bf6df24f8d6022394585acc98e81624f1"
            ],
            "index": "pypi",
            "markers": "python_version >= '3.9'",
            "version": "==7.0.1"
        }
    },
    "develop": {
        "iniconfig": {
            "hashes": [
                "sha256:c76315c77db068650d49c5b56314774a7804df16fee4402c1f19d6d15d8c4730",
                "sha256:f631c04d2c48c52b84d0d0549c99ff3859c98df65b3101406327ecc7d53fbf12"
            ],
            "markers": "python_version >= '3.10'",
            "version": "==2.3.0"
        },
        "packaging": {
            "hashes": [
                "sha256:94edc256424af38762eb31306eed28beb9f0efc50a8837492c9d6fd6004aed79",
                "sha256:d7193f7c8e4e93f444fde0262bf90af30e16fa0ad0ad44cb553c87339b23cd1c"
            ],
            "markers": "python_version >= '3.9'",
            "version": "==26.3"
        },
        "pluggy": {
            "hashes": [
                "sha256:7dcc130b76258d33b90f61b658791dede3486c3e6bfb003ee5c9bfb396dd22f3",
                "sha256:e920276dd6813095e9377c0bc5566d94c932c33b27a3e3945d8389c374dd4746"
            ],
            "markers": "python_version >= '3.9'",
            "version": "==1.6.0"
        },
        "pygments": {
            "hashes": [
                "sha256:2363c69b61c4a97c838da3b130dcd6468f4848992b21a82f2a63ec34377137d9",
                "sha256:610ca751c9bc2492b38eb9a38a7fbc93edbbb2d7182edaf34e66ae493dee5c8c"
            ],
            "markers": "python_version >= '3.9'",
            "version": "==2.21.0"
        },
        "pytest": {
            "hashes": [
                "sha256:86c0d0b93306b961d58d62a4db4879f27fe25513d4b969df351abdddb3c30e01",
                "sha256:872f880de3fc3a5bdc88a11b39c9710c3497a547cfa9320bc3c5e62fbf272e79"
            ],
            "index": "pypi",
            "markers": "python_version >= '3.9'",
            "version": "==8.4.2"
        },
        "ruff": {
            "hashes": [
                "sha256:09571e6d1288ed9be475207a3ac04ada404f1cd898104be0f6ab8d7df438575b",
                "sha256:0c5710e247a58a4521e66e124ba9a74655b414f61ba3a2e9e3811e11098f48f7",
                "sha256:294b95c4ae0cda9388525c2047778aa758d6b8d4bb876fd4e9eaa3ebc92343eb",
                "sha256:2c18c5a101eb540010638cc1ff3c84944d3adb3df62b8d98ca8f22ba484d3413",
                "sha256:388cdf2166642bd9b13d52b5932d3170f34f8abed7e8d9a855f1d84b83645a0a",
                "sha256:3d0c7c40c87c2a820509c31ba007968da6e1306468c067b2d82fbfdbcd0e8474",
                "sha256:8457c44f15033c85ddbb77b15d451df9e24e4bd03b628396dd3610cedc3b8f82",
                "sha256:9e0b1da805eb043654645d74d5de1e5ce2edc686e40790d2b86f56d71cc06a84",
                "sha256:9f738c0fdfa8eed0b2ce7fb27ee7258208a92a68d7949e62aa15164bc7b389da",
                "sha256:a2d85c02f9b8e165d85e6779184d38c4132de12603dab59c51c28e22584f9e4d",
                "sha256:a37bdea0bbe21780f590bf437d6412c8c4e1b6cd010f91a65c2c40c5e5f5f870",
                "sha256:b8ca152da82c1acc1fa8d5874b15951935f0eef46f10e6954c83859011b6178a",
                "sha256:c5536e3acfbf9563085aa2be7b13c629c3077e902afc5b941ac44024dbb9f506",
                "sha256:e2ed719e14aa64d895c2ee922594a90a43c861a93f0575a95ff8c47cdbd13eb9",
                "sha256:e76d33a347661a84b5be6d043d0347fdc745dfdcf825a8f4fed64b5e26eebdf2",
                "sha256:e80a7d69ca2a6d1c4d352ec91458cdca6e56c83cdbcabd93e4abe1e53591d948",
                "sha256:fb785f0be25abe69d320415cd4f833b59e17ba7613d9ba6a958023b6bceb0a50",
                "sha256:fe155130631a2471fd2e14a7a664a4dfbd7194b8229c3d7b2a40b21178639081"
            ],
            "index": "pypi",
            "markers": "python_version >= '3.7'",
            "version": "==0.16.3"
        }
    }
}
